
Microsoft Visual Studio Solution File, Format Version 12.00
# Visual Studio Version 16
VisualStudioVersion = 16.0.30611.23
MinimumVisualStudioVersion = 10.0.40219.1
Project("{FAE04EC0-301F-11D3-BF4B-00C04F79EFBC}") = "Sinema", "Sinema\Sinema.csproj", "{863DA484-447B-4CBA-B7C8-583CB500C0B3}"
EndProject
Global
	GlobalSection(SolutionConfigurationPlatforms) = preSolution
		Debug|Any CPU = Debug|Any CPU
		Release|Any CPU = Release|Any CPU
	EndGlobalSection
	GlobalSection(ProjectConfigurationPlatforms) = postSolution
		{863DA484-447B-4CBA-B7C8-583CB500C0B3}.Debug|Any CPU.ActiveCfg = Debug|Any CPU
		{863DA484-447B-4CBA-B7C8-583CB500C0B3}.Debug|Any CPU.Build.0 = Debug|Any CPU
		{863DA484-447B-4CBA-B7C8-583CB500C0B3}.Release|Any CPU.ActiveCfg = Release|Any CPU
		{863DA484-447B-4CBA-B7C8-583CB500C0B3}.Release|Any CPU.Build.0 = Release|Any CPU
	EndGlobalSection
	GlobalSection(SolutionProperties) = preSolution
		HideSolutionNode = FALSE
	EndGlobalSection
	GlobalSection(ExtensibilityGlobals) = postSolution
		SolutionGuid = {687A64BD-5B1C-4DBB-8A3E-062959180FEC}
	EndGlobalSection
EndGlobal
